
Microsoft Visual Studio Solution File, Format Version 12.00
# Visual Studio Version 17
VisualStudioVersion = 17.7.34221.43
MinimumVisualStudioVersion = 10.0.40219.1
Project("{FAE04EC0-301F-11D3-BF4B-00C04F79EFBC}") = "Esercizio_3", "Esercizio_3\Esercizio_3.csproj", "{CF788045-C904-4ECB-BB44-312E3E45BA6A}"
EndProject
Global
	GlobalSection(SolutionConfigurationPlatforms) = preSolution
		Debug|Any CPU = Debug|Any CPU
		Release|Any CPU = Release|Any CPU
	EndGlobalSection
	GlobalSection(ProjectConfigurationPlatforms) = postSolution
		{CF788045-C904-4ECB-BB44-312E3E45BA6A}.Debug|Any CPU.ActiveCfg = Debug|Any CPU
		{CF788045-C904-4ECB-BB44-312E3E45BA6A}.Debug|Any CPU.Build.0 = Debug|Any CPU
		{CF788045-C904-4ECB-BB44-312E3E45BA6A}.Release|Any CPU.ActiveCfg = Release|Any CPU
		{CF788045-C904-4ECB-BB44-312E3E45BA6A}.Release|Any CPU.Build.0 = Release|Any CPU
	EndGlobalSection
	GlobalSection(SolutionProperties) = preSolution
		HideSolutionNode = FALSE
	EndGlobalSection
	GlobalSection(ExtensibilityGlobals) = postSolution
		SolutionGuid = {ED6C7BEA-B446-40F5-B2A5-FEA9C98A10D5}
	EndGlobalSection
EndGlobal
