
Microsoft Visual Studio Solution File, Format Version 12.00
# Visual Studio Version 17
VisualStudioVersion = 17.7.34221.43
MinimumVisualStudioVersion = 10.0.40219.1
Project("{FAE04EC0-301F-11D3-BF4B-00C04F79EFBC}") = "Esercizio_1", "Esercizio_1\Esercizio_1.csproj", "{7B9F9BC8-CA83-48E9-B4E7-BA47F74F6358}"
EndProject
Global
	GlobalSection(SolutionConfigurationPlatforms) = preSolution
		Debug|Any CPU = Debug|Any CPU
		Release|Any CPU = Release|Any CPU
	EndGlobalSection
	GlobalSection(ProjectConfigurationPlatforms) = postSolution
		{7B9F9BC8-CA83-48E9-B4E7-BA47F74F6358}.Debug|Any CPU.ActiveCfg = Debug|Any CPU
		{7B9F9BC8-CA83-48E9-B4E7-BA47F74F6358}.Debug|Any CPU.Build.0 = Debug|Any CPU
		{7B9F9BC8-CA83-48E9-B4E7-BA47F74F6358}.Release|Any CPU.ActiveCfg = Release|Any CPU
		{7B9F9BC8-CA83-48E9-B4E7-BA47F74F6358}.Release|Any CPU.Build.0 = Release|Any CPU
	EndGlobalSection
	GlobalSection(SolutionProperties) = preSolution
		HideSolutionNode = FALSE
	EndGlobalSection
	GlobalSection(ExtensibilityGlobals) = postSolution
		SolutionGuid = {2ED3DF74-E566-4A8E-A1A3-73669677B185}
	EndGlobalSection
EndGlobal
