
Microsoft Visual Studio Solution File, Format Version 12.00
# Visual Studio Version 17
VisualStudioVersion = 17.7.34221.43
MinimumVisualStudioVersion = 10.0.40219.1
Project("{FAE04EC0-301F-11D3-BF4B-00C04F79EFBC}") = "Esercizio_7", "Esercizio_7\Esercizio_7.csproj", "{C5BC4EB0-5272-48B8-B83C-AD8FA873CE8D}"
EndProject
Global
	GlobalSection(SolutionConfigurationPlatforms) = preSolution
		Debug|Any CPU = Debug|Any CPU
		Release|Any CPU = Release|Any CPU
	EndGlobalSection
	GlobalSection(ProjectConfigurationPlatforms) = postSolution
		{C5BC4EB0-5272-48B8-B83C-AD8FA873CE8D}.Debug|Any CPU.ActiveCfg = Debug|Any CPU
		{C5BC4EB0-5272-48B8-B83C-AD8FA873CE8D}.Debug|Any CPU.Build.0 = Debug|Any CPU
		{C5BC4EB0-5272-48B8-B83C-AD8FA873CE8D}.Release|Any CPU.ActiveCfg = Release|Any CPU
		{C5BC4EB0-5272-48B8-B83C-AD8FA873CE8D}.Release|Any CPU.Build.0 = Release|Any CPU
	EndGlobalSection
	GlobalSection(SolutionProperties) = preSolution
		HideSolutionNode = FALSE
	EndGlobalSection
	GlobalSection(ExtensibilityGlobals) = postSolution
		SolutionGuid = {D9B974D6-A7B3-433E-B981-3E797A97E88F}
	EndGlobalSection
EndGlobal
