
Microsoft Visual Studio Solution File, Format Version 12.00
# Visual Studio Version 17
VisualStudioVersion = 17.7.34221.43
MinimumVisualStudioVersion = 10.0.40219.1
Project("{FAE04EC0-301F-11D3-BF4B-00C04F79EFBC}") = "Esercizio_Uno", "Esercizio_Uno\Esercizio_Uno.csproj", "{87954662-13BF-4160-8005-BC5D5734D790}"
EndProject
Global
	GlobalSection(SolutionConfigurationPlatforms) = preSolution
		Debug|Any CPU = Debug|Any CPU
		Release|Any CPU = Release|Any CPU
	EndGlobalSection
	GlobalSection(ProjectConfigurationPlatforms) = postSolution
		{87954662-13BF-4160-8005-BC5D5734D790}.Debug|Any CPU.ActiveCfg = Debug|Any CPU
		{87954662-13BF-4160-8005-BC5D5734D790}.Debug|Any CPU.Build.0 = Debug|Any CPU
		{87954662-13BF-4160-8005-BC5D5734D790}.Release|Any CPU.ActiveCfg = Release|Any CPU
		{87954662-13BF-4160-8005-BC5D5734D790}.Release|Any CPU.Build.0 = Release|Any CPU
	EndGlobalSection
	GlobalSection(SolutionProperties) = preSolution
		HideSolutionNode = FALSE
	EndGlobalSection
	GlobalSection(ExtensibilityGlobals) = postSolution
		SolutionGuid = {3E11DE20-1BD6-4AEC-9450-4DB00B9855D6}
	EndGlobalSection
EndGlobal
