
Microsoft Visual Studio Solution File, Format Version 12.00
# Visual Studio Version 17
VisualStudioVersion = 17.7.34221.43
MinimumVisualStudioVersion = 10.0.40219.1
Project("{FAE04EC0-301F-11D3-BF4B-00C04F79EFBC}") = "Esercizio_1", "Esercizio_1\Esercizio_1.csproj", "{008C6AEB-AA58-484E-B3DF-420F80FFEF65}"
EndProject
Global
	GlobalSection(SolutionConfigurationPlatforms) = preSolution
		Debug|Any CPU = Debug|Any CPU
		Release|Any CPU = Release|Any CPU
	EndGlobalSection
	GlobalSection(ProjectConfigurationPlatforms) = postSolution
		{008C6AEB-AA58-484E-B3DF-420F80FFEF65}.Debug|Any CPU.ActiveCfg = Debug|Any CPU
		{008C6AEB-AA58-484E-B3DF-420F80FFEF65}.Debug|Any CPU.Build.0 = Debug|Any CPU
		{008C6AEB-AA58-484E-B3DF-420F80FFEF65}.Release|Any CPU.ActiveCfg = Release|Any CPU
		{008C6AEB-AA58-484E-B3DF-420F80FFEF65}.Release|Any CPU.Build.0 = Release|Any CPU
	EndGlobalSection
	GlobalSection(SolutionProperties) = preSolution
		HideSolutionNode = FALSE
	EndGlobalSection
	GlobalSection(ExtensibilityGlobals) = postSolution
		SolutionGuid = {99869079-F65D-4931-8898-0631E85553B7}
	EndGlobalSection
EndGlobal
